// !$*UTF8*$!
{
	archiveVersion = 1;
	classes = {
	};
	objectVersion = 55;
	objects = {

/* Begin PBXBuildFile section */
		47F0280D2798281800240823 /* DaysGrid.swift in Sources */ = {isa = PBXBuildFile; fileRef = 47F0280C2798281800240823 /* DaysGrid.swift */; };
		47F0280F27982E4300240823 /* DaysGridHeader.swift in Sources */ = {isa = PBXBuildFile; fileRef = 47F0280E27982E4300240823 /* DaysGridHeader.swift */; };
		47F0282E279979A500240823 /* DayGridCell.swift in Sources */ = {isa = PBXBuildFile; fileRef = 47F0282D279979A500240823 /* DayGridCell.swift */; };
		47F02830279982D000240823 /* DayViewModel.swift in Sources */ = {isa = PBXBuildFile; fileRef = 47F0282F279982D000240823 /* DayViewModel.swift */; };
		47F02832279AB27300240823 /* IconButton.swift in Sources */ = {isa = PBXBuildFile; fileRef = 47F02831279AB27300240823 /* IconButton.swift */; };
		5AC20AF7278597EC00A8706D /* MonthCalendarApp.swift in Sources */ = {isa = PBXBuildFile; fileRef = 5AC20AF6278597EC00A8706D /* MonthCalendarApp.swift */; };
		5AC20AF9278597EC00A8706D /* MonthCalendar.swift in Sources */ = {isa = PBXBuildFile; fileRef = 5AC20AF8278597EC00A8706D /* MonthCalendar.swift */; };
		5AC20AFB278597F100A8706D /* Assets.xcassets in Resources */ = {isa = PBXBuildFile; fileRef = 5AC20AFA278597F100A8706D /* Assets.xcassets */; };
		5AC20AFE278597F100A8706D /* Preview Assets.xcassets in Resources */ = {isa = PBXBuildFile; fileRef = 5AC20AFD278597F100A8706D /* Preview Assets.xcassets */; };
		5AFC231B278C331B009A0ADF /* Time in Frameworks */ = {isa = PBXBuildFile; productRef = 5AFC231A278C331B009A0ADF /* Time */; };
		5AFF2AE227859B5B000A2655 /* MonthCalendarViewModel.swift in Sources */ = {isa = PBXBuildFile; fileRef = 5AFF2AE127859B5B000A2655 /* MonthCalendarViewModel.swift */; };
/* End PBXBuildFile section */

/* Begin PBXFileReference section */
		47F0280C2798281800240823 /* DaysGrid.swift */ = {isa = PBXFileReference; lastKnownFileType = sourcecode.swift; path = DaysGrid.swift; sourceTree = "<group>"; };
		47F0280E27982E4300240823 /* DaysGridHeader.swift */ = {isa = PBXFileReference; lastKnownFileType = sourcecode.swift; path = DaysGridHeader.swift; sourceTree = "<group>"; };
		47F0282D279979A500240823 /* DayGridCell.swift */ = {isa = PBXFileReference; lastKnownFileType = sourcecode.swift; path = DayGridCell.swift; sourceTree = "<group>"; };
		47F0282F279982D000240823 /* DayViewModel.swift */ = {isa = PBXFileReference; lastKnownFileType = sourcecode.swift; path = DayViewModel.swift; sourceTree = "<group>"; };
		47F02831279AB27300240823 /* IconButton.swift */ = {isa = PBXFileReference; lastKnownFileType = sourcecode.swift; path = IconButton.swift; sourceTree = "<group>"; };
		5AC20AF3278597EC00A8706D /* MonthCalendar.app */ = {isa = PBXFileReference; explicitFileType = wrapper.application; includeInIndex = 0; path = MonthCalendar.app; sourceTree = BUILT_PRODUCTS_DIR; };
		5AC20AF6278597EC00A8706D /* MonthCalendarApp.swift */ = {isa = PBXFileReference; lastKnownFileType = sourcecode.swift; path = MonthCalendarApp.swift; sourceTree = "<group>"; };
		5AC20AF8278597EC00A8706D /* MonthCalendar.swift */ = {isa = PBXFileReference; lastKnownFileType = sourcecode.swift; path = MonthCalendar.swift; sourceTree = "<group>"; };
		5AC20AFA278597F100A8706D /* Assets.xcassets */ = {isa = PBXFileReference; lastKnownFileType = folder.assetcatalog; path = Assets.xcassets; sourceTree = "<group>"; };
		5AC20AFD278597F100A8706D /* Preview Assets.xcassets */ = {isa = PBXFileReference; lastKnownFileType = folder.assetcatalog; path = "Preview Assets.xcassets"; sourceTree = "<group>"; };
		5AFC2318278C30D1009A0ADF /* time */ = {isa = PBXFileReference; lastKnownFileType = wrapper; name = time; path = ../..; sourceTree = "<group>"; };
		5AFF2AE127859B5B000A2655 /* MonthCalendarViewModel.swift */ = {isa = PBXFileReference; lastKnownFileType = sourcecode.swift; path = MonthCalendarViewModel.swift; sourceTree = "<group>"; };
/* End PBXFileReference section */

/* Begin PBXFrameworksBuildPhase section */
		5AC20AF0278597EC00A8706D /* Frameworks */ = {
			isa = PBXFrameworksBuildPhase;
			buildActionMask = 2147483647;
			files = (
				5AFC231B278C331B009A0ADF /* Time in Frameworks */,
			);
			runOnlyForDeploymentPostprocessing = 0;
		};
/* End PBXFrameworksBuildPhase section */

/* Begin PBXGroup section */
		5AC20AEA278597EC00A8706D = {
			isa = PBXGroup;
			children = (
				5AFC2317278C30D1009A0ADF /* Packages */,
				5AC20AF5278597EC00A8706D /* MonthCalendar */,
				5AC20AF4278597EC00A8706D /* Products */,
				5AFC2319278C331B009A0ADF /* Frameworks */,
			);
			sourceTree = "<group>";
		};
		5AC20AF4278597EC00A8706D /* Products */ = {
			isa = PBXGroup;
			children = (
				5AC20AF3278597EC00A8706D /* MonthCalendar.app */,
			);
			name = Products;
			sourceTree = "<group>";
		};
		5AC20AF5278597EC00A8706D /* MonthCalendar */ = {
			isa = PBXGroup;
			children = (
				5AC20B052785999300A8706D /* Application */,
				5AC20B06278599AE00A8706D /* Views */,
				5AC20B042785992C00A8706D /* Resources */,
			);
			path = MonthCalendar;
			sourceTree = "<group>";
		};
		5AC20AFC278597F100A8706D /* Preview Content */ = {
			isa = PBXGroup;
			children = (
				5AC20AFD278597F100A8706D /* Preview Assets.xcassets */,
			);
			path = "Preview Content";
			sourceTree = "<group>";
		};
		5AC20B042785992C00A8706D /* Resources */ = {
			isa = PBXGroup;
			children = (
				5AC20AFC278597F100A8706D /* Preview Content */,
				5AC20AFA278597F100A8706D /* Assets.xcassets */,
			);
			path = Resources;
			sourceTree = "<group>";
		};
		5AC20B052785999300A8706D /* Application */ = {
			isa = PBXGroup;
			children = (
				5AC20AF6278597EC00A8706D /* MonthCalendarApp.swift */,
			);
			path = Application;
			sourceTree = "<group>";
		};
		5AC20B06278599AE00A8706D /* Views */ = {
			isa = PBXGroup;
			children = (
				5AC20AF8278597EC00A8706D /* MonthCalendar.swift */,
				5AFF2AE127859B5B000A2655 /* MonthCalendarViewModel.swift */,
				47F0280C2798281800240823 /* DaysGrid.swift */,
				47F0280E27982E4300240823 /* DaysGridHeader.swift */,
				47F0282D279979A500240823 /* DayGridCell.swift */,
				47F0282F279982D000240823 /* DayViewModel.swift */,
				47F02831279AB27300240823 /* IconButton.swift */,
			);
			path = Views;
			sourceTree = "<group>";
		};
		5AFC2317278C30D1009A0ADF /* Packages */ = {
			isa = PBXGroup;
			children = (
				5AFC2318278C30D1009A0ADF /* time */,
			);
			name = Packages;
			sourceTree = "<group>";
		};
		5AFC2319278C331B009A0ADF /* Frameworks */ = {
			isa = PBXGroup;
			children = (
			);
			name = Frameworks;
			sourceTree = "<group>";
		};
/* End PBXGroup section */

/* Begin PBXNativeTarget section */
		5AC20AF2278597EC00A8706D /* MonthCalendar */ = {
			isa = PBXNativeTarget;
			buildConfigurationList = 5AC20B01278597F100A8706D /* Build configuration list for PBXNativeTarget "MonthCalendar" */;
			buildPhases = (
				5AC20AEF278597EC00A8706D /* Sources */,
				5AC20AF0278597EC00A8706D /* Frameworks */,
				5AC20AF1278597EC00A8706D /* Resources */,
			);
			buildRules = (
			);
			dependencies = (
			);
			name = MonthCalendar;
			packageProductDependencies = (
				5AFC231A278C331B009A0ADF /* Time */,
			);
			productName = MonthCalendar;
			productReference = 5AC20AF3278597EC00A8706D /* MonthCalendar.app */;
			productType = "com.apple.product-type.application";
		};
/* End PBXNativeTarget section */

/* Begin PBXProject section */
		5AC20AEB278597EC00A8706D /* Project object */ = {
			isa = PBXProject;
			attributes = {
				BuildIndependentTargetsInParallel = 1;
				LastSwiftUpdateCheck = 1320;
				LastUpgradeCheck = 1320;
				TargetAttributes = {
					5AC20AF2278597EC00A8706D = {
						CreatedOnToolsVersion = 13.2.1;
					};
				};
			};
			buildConfigurationList = 5AC20AEE278597EC00A8706D /* Build configuration list for PBXProject "MonthCalendar" */;
			compatibilityVersion = "Xcode 13.0";
			developmentRegion = en;
			hasScannedForEncodings = 0;
			knownRegions = (
				en,
				Base,
			);
			mainGroup = 5AC20AEA278597EC00A8706D;
			productRefGroup = 5AC20AF4278597EC00A8706D /* Products */;
			projectDirPath = "";
			projectRoot = "";
			targets = (
				5AC20AF2278597EC00A8706D /* MonthCalendar */,
			);
		};
/* End PBXProject section */

/* Begin PBXResourcesBuildPhase section */
		5AC20AF1278597EC00A8706D /* Resources */ = {
			isa = PBXResourcesBuildPhase;
			buildActionMask = 2147483647;
			files = (
				5AC20AFE278597F100A8706D /* Preview Assets.xcassets in Resources */,
				5AC20AFB278597F100A8706D /* Assets.xcassets in Resources */,
			);
			runOnlyForDeploymentPostprocessing = 0;
		};
/* End PBXResourcesBuildPhase section */

/* Begin PBXSourcesBuildPhase section */
		5AC20AEF278597EC00A8706D /* Sources */ = {
			isa = PBXSourcesBuildPhase;
			buildActionMask = 2147483647;
			files = (
				47F02832279AB27300240823 /* IconButton.swift in Sources */,
				47F0280D2798281800240823 /* DaysGrid.swift in Sources */,
				5AC20AF9278597EC00A8706D /* MonthCalendar.swift in Sources */,
				47F0280F27982E4300240823 /* DaysGridHeader.swift in Sources */,
				5AFF2AE227859B5B000A2655 /* MonthCalendarViewModel.swift in Sources */,
				47F0282E279979A500240823 /* DayGridCell.swift in Sources */,
				5AC20AF7278597EC00A8706D /* MonthCalendarApp.swift in Sources */,
				47F02830279982D000240823 /* DayViewModel.swift in Sources */,
			);
			runOnlyForDeploymentPostprocessing = 0;
		};
/* End PBXSourcesBuildPhase section */

/* Begin XCBuildConfiguration section */
		5AC20AFF278597F100A8706D /* Debug */ = {
			isa = XCBuildConfiguration;
			buildSettings = {
				ALWAYS_SEARCH_USER_PATHS = NO;
				CLANG_ANALYZER_NONNULL = YES;
				CLANG_ANALYZER_NUMBER_OBJECT_CONVERSION = YES_AGGRESSIVE;
				CLANG_CXX_LANGUAGE_STANDARD = "gnu++17";
				CLANG_CXX_LIBRARY = "libc++";
				CLANG_ENABLE_MODULES = YES;
				CLANG_ENABLE_OBJC_ARC = YES;
				CLANG_ENABLE_OBJC_WEAK = YES;
				CLANG_WARN_BLOCK_CAPTURE_AUTORELEASING = YES;
				CLANG_WARN_BOOL_CONVERSION = YES;
				CLANG_WARN_COMMA = YES;
				CLANG_WARN_CONSTANT_CONVERSION = YES;
				CLANG_WARN_DEPRECATED_OBJC_IMPLEMENTATIONS = YES;
				CLANG_WARN_DIRECT_OBJC_ISA_USAGE = YES_ERROR;
				CLANG_WARN_DOCUMENTATION_COMMENTS = YES;
				CLANG_WARN_EMPTY_BODY = YES;
				CLANG_WARN_ENUM_CONVERSION = YES;
				CLANG_WARN_INFINITE_RECURSION = YES;
				CLANG_WARN_INT_CONVERSION = YES;
				CLANG_WARN_NON_LITERAL_NULL_CONVERSION = YES;
				CLANG_WARN_OBJC_IMPLICIT_RETAIN_SELF = YES;
				CLANG_WARN_OBJC_LITERAL_CONVERSION = YES;
				CLANG_WARN_OBJC_ROOT_CLASS = YES_ERROR;
				CLANG_WARN_QUOTED_INCLUDE_IN_FRAMEWORK_HEADER = YES;
				CLANG_WARN_RANGE_LOOP_ANALYSIS = YES;
				CLANG_WARN_STRICT_PROTOTYPES = YES;
				CLANG_WARN_SUSPICIOUS_MOVE = YES;
				CLANG_WARN_UNGUARDED_AVAILABILITY = YES_AGGRESSIVE;
				CLANG_WARN_UNREACHABLE_CODE = YES;
				CLANG_WARN__DUPLICATE_METHOD_MATCH = YES;
				COPY_PHASE_STRIP = NO;
				DEBUG_INFORMATION_FORMAT = dwarf;
				ENABLE_STRICT_OBJC_MSGSEND = YES;
				ENABLE_TESTABILITY = YES;
				GCC_C_LANGUAGE_STANDARD = gnu11;
				GCC_DYNAMIC_NO_PIC = NO;
				GCC_NO_COMMON_BLOCKS = YES;
				GCC_OPTIMIZATION_LEVEL = 0;
				GCC_PREPROCESSOR_DEFINITIONS = (
					"DEBUG=1",
					"$(inherited)",
				);
				GCC_WARN_64_TO_32_BIT_CONVERSION = YES;
				GCC_WARN_ABOUT_RETURN_TYPE = YES_ERROR;
				GCC_WARN_UNDECLARED_SELECTOR = YES;
				GCC_WARN_UNINITIALIZED_AUTOS = YES_AGGRESSIVE;
				GCC_WARN_UNUSED_FUNCTION = YES;
				GCC_WARN_UNUSED_VARIABLE = YES;
				IPHONEOS_DEPLOYMENT_TARGET = 15.2;
				MTL_ENABLE_DEBUG_INFO = INCLUDE_SOURCE;
				MTL_FAST_MATH = YES;
				ONLY_ACTIVE_ARCH = YES;
				SDKROOT = iphoneos;
				SWIFT_ACTIVE_COMPILATION_CONDITIONS = DEBUG;
				SWIFT_OPTIMIZATION_LEVEL = "-Onone";
			};
			name = Debug;
		};
		5AC20B00278597F100A8706D /* Release */ = {
			isa = XCBuildConfiguration;
			buildSettings = {
				ALWAYS_SEARCH_USER_PATHS = NO;
				CLANG_ANALYZER_NONNULL = YES;
				CLANG_ANALYZER_NUMBER_OBJECT_CONVERSION = YES_AGGRESSIVE;
				CLANG_CXX_LANGUAGE_STANDARD = "gnu++17";
				CLANG_CXX_LIBRARY = "libc++";
				CLANG_ENABLE_MODULES = YES;
				CLANG_ENABLE_OBJC_ARC = YES;
				CLANG_ENABLE_OBJC_WEAK = YES;
				CLANG_WARN_BLOCK_CAPTURE_AUTORELEASING = YES;
				CLANG_WARN_BOOL_CONVERSION = YES;
				CLANG_WARN_COMMA = YES;
				CLANG_WARN_CONSTANT_CONVERSION = YES;
				CLANG_WARN_DEPRECATED_OBJC_IMPLEMENTATIONS = YES;
				CLANG_WARN_DIRECT_OBJC_ISA_USAGE = YES_ERROR;
				CLANG_WARN_DOCUMENTATION_COMMENTS = YES;
				CLANG_WARN_EMPTY_BODY = YES;
				CLANG_WARN_ENUM_CONVERSION = YES;
				CLANG_WARN_INFINITE_RECURSION = YES;
				CLANG_WARN_INT_CONVERSION = YES;
				CLANG_WARN_NON_LITERAL_NULL_CONVERSION = YES;
				CLANG_WARN_OBJC_IMPLICIT_RETAIN_SELF = YES;
				CLANG_WARN_OBJC_LITERAL_CONVERSION = YES;
				CLANG_WARN_OBJC_ROOT_CLASS = YES_ERROR;
				CLANG_WARN_QUOTED_INCLUDE_IN_FRAMEWORK_HEADER = YES;
				CLANG_WARN_RANGE_LOOP_ANALYSIS = YES;
				CLANG_WARN_STRICT_PROTOTYPES = YES;
				CLANG_WARN_SUSPICIOUS_MOVE = YES;
				CLANG_WARN_UNGUARDED_AVAILABILITY = YES_AGGRESSIVE;
				CLANG_WARN_UNREACHABLE_CODE = YES;
				CLANG_WARN__DUPLICATE_METHOD_MATCH = YES;
				COPY_PHASE_STRIP = NO;
				DEBUG_INFORMATION_FORMAT = "dwarf-with-dsym";
				ENABLE_NS_ASSERTIONS = NO;
				ENABLE_STRICT_OBJC_MSGSEND = YES;
				GCC_C_LANGUAGE_STANDARD = gnu11;
				GCC_NO_COMMON_BLOCKS = YES;
				GCC_WARN_64_TO_32_BIT_CONVERSION = YES;
				GCC_WARN_ABOUT_RETURN_TYPE = YES_ERROR;
				GCC_WARN_UNDECLARED_SELECTOR = YES;
				GCC_WARN_UNINITIALIZED_AUTOS = YES_AGGRESSIVE;
				GCC_WARN_UNUSED_FUNCTION = YES;
				GCC_WARN_UNUSED_VARIABLE = YES;
				IPHONEOS_DEPLOYMENT_TARGET = 15.2;
				MTL_ENABLE_DEBUG_INFO = NO;
				MTL_FAST_MATH = YES;
				SDKROOT = iphoneos;
				SWIFT_COMPILATION_MODE = wholemodule;
				SWIFT_OPTIMIZATION_LEVEL = "-O";
				VALIDATE_PRODUCT = YES;
			};
			name = Release;
		};
		5AC20B02278597F100A8706D /* Debug */ = {
			isa = XCBuildConfiguration;
			buildSettings = {
				ASSETCATALOG_COMPILER_APPICON_NAME = AppIcon;
				ASSETCATALOG_COMPILER_GLOBAL_ACCENT_COLOR_NAME = AccentColor;
				CODE_SIGN_STYLE = Automatic;
				CURRENT_PROJECT_VERSION = 1;
				DEVELOPMENT_ASSET_PATHS = "\"MonthCalendar/Resources/Preview Content\"";
				ENABLE_PREVIEWS = YES;
				GENERATE_INFOPLIST_FILE = YES;
				INFOPLIST_KEY_UIApplicationSceneManifest_Generation = YES;
				INFOPLIST_KEY_UIApplicationSupportsIndirectInputEvents = YES;
				INFOPLIST_KEY_UILaunchScreen_Generation = YES;
				INFOPLIST_KEY_UISupportedInterfaceOrientations = UIInterfaceOrientationPortrait;
				INFOPLIST_KEY_UISupportedInterfaceOrientations_iPad = "UIInterfaceOrientationPortrait UIInterfaceOrientationPortraitUpsideDown UIInterfaceOrientationLandscapeLeft UIInterfaceOrientationLandscapeRight";
				INFOPLIST_KEY_UISupportedInterfaceOrientations_iPhone = "UIInterfaceOrientationPortrait UIInterfaceOrientationLandscapeLeft UIInterfaceOrientationLandscapeRight";
				LD_RUNPATH_SEARCH_PATHS = (
					"$(inherited)",
					"@executable_path/Frameworks",
				);
				MARKETING_VERSION = 1.0;
				PRODUCT_BUNDLE_IDENTIFIER = time.MonthCalendar;
				PRODUCT_NAME = "$(TARGET_NAME)";
				SWIFT_EMIT_LOC_STRINGS = YES;
				SWIFT_VERSION = 5.0;
				TARGETED_DEVICE_FAMILY = 1;
			};
			name = Debug;
		};
		5AC20B03278597F100A8706D /* Release */ = {
			isa = XCBuildConfiguration;
			buildSettings = {
				ASSETCATALOG_COMPILER_APPICON_NAME = AppIcon;
				ASSETCATALOG_COMPILER_GLOBAL_ACCENT_COLOR_NAME = AccentColor;
				CODE_SIGN_STYLE = Automatic;
				CURRENT_PROJECT_VERSION = 1;
				DEVELOPMENT_ASSET_PATHS = "\"MonthCalendar/Resources/Preview Content\"";
				ENABLE_PREVIEWS = YES;
				GENERATE_INFOPLIST_FILE = YES;
				INFOPLIST_KEY_UIApplicationSceneManifest_Generation = YES;
				INFOPLIST_KEY_UIApplicationSupportsIndirectInputEvents = YES;
				INFOPLIST_KEY_UILaunchScreen_Generation = YES;
				INFOPLIST_KEY_UISupportedInterfaceOrientations = UIInterfaceOrientationPortrait;
				INFOPLIST_KEY_UISupportedInterfaceOrientations_iPad = "UIInterfaceOrientationPortrait UIInterfaceOrientationPortraitUpsideDown UIInterfaceOrientationLandscapeLeft UIInterfaceOrientationLandscapeRight";
				INFOPLIST_KEY_UISupportedInterfaceOrientations_iPhone = "UIInterfaceOrientationPortrait UIInterfaceOrientationLandscapeLeft UIInterfaceOrientationLandscapeRight";
				LD_RUNPATH_SEARCH_PATHS = (
					"$(inherited)",
					"@executable_path/Frameworks",
				);
				MARKETING_VERSION = 1.0;
				PRODUCT_BUNDLE_IDENTIFIER = time.MonthCalendar;
				PRODUCT_NAME = "$(TARGET_NAME)";
				SWIFT_EMIT_LOC_STRINGS = YES;
				SWIFT_VERSION = 5.0;
				TARGETED_DEVICE_FAMILY = 1;
			};
			name = Release;
		};
/* End XCBuildConfiguration section */

/* Begin XCConfigurationList section */
		5AC20AEE278597EC00A8706D /* Build configuration list for PBXProject "MonthCalendar" */ = {
			isa = XCConfigurationList;
			buildConfigurations = (
				5AC20AFF278597F100A8706D /* Debug */,
				5AC20B00278597F100A8706D /* Release */,
			);
			defaultConfigurationIsVisible = 0;
			defaultConfigurationName = Release;
		};
		5AC20B01278597F100A8706D /* Build configuration list for PBXNativeTarget "MonthCalendar" */ = {
			isa = XCConfigurationList;
			buildConfigurations = (
				5AC20B02278597F100A8706D /* Debug */,
				5AC20B03278597F100A8706D /* Release */,
			);
			defaultConfigurationIsVisible = 0;
			defaultConfigurationName = Release;
		};
/* End XCConfigurationList section */

/* Begin XCSwiftPackageProductDependency section */
		5AFC231A278C331B009A0ADF /* Time */ = {
			isa = XCSwiftPackageProductDependency;
			productName = Time;
		};
/* End XCSwiftPackageProductDependency section */
	};
	rootObject = 5AC20AEB278597EC00A8706D /* Project object */;
}
