// !$*UTF8*$!
{
	archiveVersion = 1;
	classes = {
	};
	objectVersion = 60;
	objects = {

/* Begin PBXBuildFile section */
		556BFE2F2BBCEF0A0024FF2A /* DayPicker.swift in Sources */ = {isa = PBXBuildFile; fileRef = 556BFE2E2BBCEF0A0024FF2A /* DayPicker.swift */; };
		556BFE312BBCF5F10024FF2A /* MonthPicker.swift in Sources */ = {isa = PBXBuildFile; fileRef = 556BFE302BBCF5F10024FF2A /* MonthPicker.swift */; };
		556BFE332BBEECA20024FF2A /* TimePicker.swift in Sources */ = {isa = PBXBuildFile; fileRef = 556BFE322BBEECA20024FF2A /* TimePicker.swift */; };
		55EB43B12B865B15002D8798 /* ExamplesApp.swift in Sources */ = {isa = PBXBuildFile; fileRef = 55EB43B02B865B15002D8798 /* ExamplesApp.swift */; };
		55EB43B32B865B15002D8798 /* ContentView.swift in Sources */ = {isa = PBXBuildFile; fileRef = 55EB43B22B865B15002D8798 /* ContentView.swift */; };
		55EB43B52B865B18002D8798 /* Assets.xcassets in Resources */ = {isa = PBXBuildFile; fileRef = 55EB43B42B865B18002D8798 /* Assets.xcassets */; };
		55EB43B82B865B18002D8798 /* Preview Assets.xcassets in Resources */ = {isa = PBXBuildFile; fileRef = 55EB43B72B865B18002D8798 /* Preview Assets.xcassets */; };
		55EB43C12B865B37002D8798 /* Time in Frameworks */ = {isa = PBXBuildFile; productRef = 55EB43C02B865B37002D8798 /* Time */; };
		55EB43C32B865B5D002D8798 /* CalendarView.swift in Sources */ = {isa = PBXBuildFile; fileRef = 55EB43C22B865B5D002D8798 /* CalendarView.swift */; };
		55EB43C52B867256002D8798 /* ClocksView.swift in Sources */ = {isa = PBXBuildFile; fileRef = 55EB43C42B867256002D8798 /* ClocksView.swift */; };
		AE92B7542BB8EF3600A5F9A6 /* CalcCalendarView.swift in Sources */ = {isa = PBXBuildFile; fileRef = AE92B7502BB8EF3600A5F9A6 /* CalcCalendarView.swift */; };
		AE92B7562BB8EF3600A5F9A6 /* CalcDifferencesView.swift in Sources */ = {isa = PBXBuildFile; fileRef = AE92B7522BB8EF3600A5F9A6 /* CalcDifferencesView.swift */; };
		AE92B7572BB8EF3600A5F9A6 /* CalculatorView.swift in Sources */ = {isa = PBXBuildFile; fileRef = AE92B7532BB8EF3600A5F9A6 /* CalculatorView.swift */; };
/* End PBXBuildFile section */

/* Begin PBXFileReference section */
		556BFE2E2BBCEF0A0024FF2A /* DayPicker.swift */ = {isa = PBXFileReference; lastKnownFileType = sourcecode.swift; path = DayPicker.swift; sourceTree = "<group>"; };
		556BFE302BBCF5F10024FF2A /* MonthPicker.swift */ = {isa = PBXFileReference; lastKnownFileType = sourcecode.swift; path = MonthPicker.swift; sourceTree = "<group>"; };
		556BFE322BBEECA20024FF2A /* TimePicker.swift */ = {isa = PBXFileReference; lastKnownFileType = sourcecode.swift; path = TimePicker.swift; sourceTree = "<group>"; };
		55EB43AD2B865B15002D8798 /* Examples.app */ = {isa = PBXFileReference; explicitFileType = wrapper.application; includeInIndex = 0; path = Examples.app; sourceTree = BUILT_PRODUCTS_DIR; };
		55EB43B02B865B15002D8798 /* ExamplesApp.swift */ = {isa = PBXFileReference; lastKnownFileType = sourcecode.swift; path = ExamplesApp.swift; sourceTree = "<group>"; };
		55EB43B22B865B15002D8798 /* ContentView.swift */ = {isa = PBXFileReference; lastKnownFileType = sourcecode.swift; path = ContentView.swift; sourceTree = "<group>"; };
		55EB43B42B865B18002D8798 /* Assets.xcassets */ = {isa = PBXFileReference; lastKnownFileType = folder.assetcatalog; path = Assets.xcassets; sourceTree = "<group>"; };
		55EB43B72B865B18002D8798 /* Preview Assets.xcassets */ = {isa = PBXFileReference; lastKnownFileType = folder.assetcatalog; path = "Preview Assets.xcassets"; sourceTree = "<group>"; };
		55EB43B92B865B18002D8798 /* Examples.entitlements */ = {isa = PBXFileReference; lastKnownFileType = text.plist.entitlements; path = Examples.entitlements; sourceTree = "<group>"; };
		55EB43C22B865B5D002D8798 /* CalendarView.swift */ = {isa = PBXFileReference; lastKnownFileType = sourcecode.swift; path = CalendarView.swift; sourceTree = "<group>"; };
		55EB43C42B867256002D8798 /* ClocksView.swift */ = {isa = PBXFileReference; lastKnownFileType = sourcecode.swift; path = ClocksView.swift; sourceTree = "<group>"; };
		AE92B7502BB8EF3600A5F9A6 /* CalcCalendarView.swift */ = {isa = PBXFileReference; fileEncoding = 4; lastKnownFileType = sourcecode.swift; path = CalcCalendarView.swift; sourceTree = "<group>"; };
		AE92B7522BB8EF3600A5F9A6 /* CalcDifferencesView.swift */ = {isa = PBXFileReference; fileEncoding = 4; lastKnownFileType = sourcecode.swift; path = CalcDifferencesView.swift; sourceTree = "<group>"; };
		AE92B7532BB8EF3600A5F9A6 /* CalculatorView.swift */ = {isa = PBXFileReference; fileEncoding = 4; lastKnownFileType = sourcecode.swift; path = CalculatorView.swift; sourceTree = "<group>"; };
/* End PBXFileReference section */

/* Begin PBXFrameworksBuildPhase section */
		55EB43AA2B865B15002D8798 /* Frameworks */ = {
			isa = PBXFrameworksBuildPhase;
			buildActionMask = 2147483647;
			files = (
				55EB43C12B865B37002D8798 /* Time in Frameworks */,
			);
			runOnlyForDeploymentPostprocessing = 0;
		};
/* End PBXFrameworksBuildPhase section */

/* Begin PBXGroup section */
		556BFE2D2BBCEEFA0024FF2A /* Components */ = {
			isa = PBXGroup;
			children = (
				556BFE302BBCF5F10024FF2A /* MonthPicker.swift */,
				556BFE2E2BBCEF0A0024FF2A /* DayPicker.swift */,
				556BFE322BBEECA20024FF2A /* TimePicker.swift */,
			);
			path = Components;
			sourceTree = "<group>";
		};
		556BFE342BBEF3190024FF2A /* Calculator */ = {
			isa = PBXGroup;
			children = (
				AE92B7532BB8EF3600A5F9A6 /* CalculatorView.swift */,
				AE92B7502BB8EF3600A5F9A6 /* CalcCalendarView.swift */,
				AE92B7522BB8EF3600A5F9A6 /* CalcDifferencesView.swift */,
			);
			path = Calculator;
			sourceTree = "<group>";
		};
		55EB43A42B865B15002D8798 = {
			isa = PBXGroup;
			children = (
				55EB43AF2B865B15002D8798 /* Examples */,
				55EB43AE2B865B15002D8798 /* Products */,
			);
			sourceTree = "<group>";
		};
		55EB43AE2B865B15002D8798 /* Products */ = {
			isa = PBXGroup;
			children = (
				55EB43AD2B865B15002D8798 /* Examples.app */,
			);
			name = Products;
			sourceTree = "<group>";
		};
		55EB43AF2B865B15002D8798 /* Examples */ = {
			isa = PBXGroup;
			children = (
				55EB43B02B865B15002D8798 /* ExamplesApp.swift */,
				55EB43B22B865B15002D8798 /* ContentView.swift */,
				55EB43C22B865B5D002D8798 /* CalendarView.swift */,
				55EB43C42B867256002D8798 /* ClocksView.swift */,
				556BFE342BBEF3190024FF2A /* Calculator */,
				556BFE2D2BBCEEFA0024FF2A /* Components */,
				55EB43B42B865B18002D8798 /* Assets.xcassets */,
				55EB43B92B865B18002D8798 /* Examples.entitlements */,
				55EB43B62B865B18002D8798 /* Preview Content */,
			);
			path = Examples;
			sourceTree = "<group>";
		};
		55EB43B62B865B18002D8798 /* Preview Content */ = {
			isa = PBXGroup;
			children = (
				55EB43B72B865B18002D8798 /* Preview Assets.xcassets */,
			);
			path = "Preview Content";
			sourceTree = "<group>";
		};
/* End PBXGroup section */

/* Begin PBXNativeTarget section */
		55EB43AC2B865B15002D8798 /* Examples */ = {
			isa = PBXNativeTarget;
			buildConfigurationList = 55EB43BC2B865B18002D8798 /* Build configuration list for PBXNativeTarget "Examples" */;
			buildPhases = (
				55EB43A92B865B15002D8798 /* Sources */,
				55EB43AA2B865B15002D8798 /* Frameworks */,
				55EB43AB2B865B15002D8798 /* Resources */,
			);
			buildRules = (
			);
			dependencies = (
			);
			name = Examples;
			packageProductDependencies = (
				55EB43C02B865B37002D8798 /* Time */,
			);
			productName = Examples;
			productReference = 55EB43AD2B865B15002D8798 /* Examples.app */;
			productType = "com.apple.product-type.application";
		};
/* End PBXNativeTarget section */

/* Begin PBXProject section */
		55EB43A52B865B15002D8798 /* Project object */ = {
			isa = PBXProject;
			attributes = {
				BuildIndependentTargetsInParallel = 1;
				LastSwiftUpdateCheck = 1520;
				LastUpgradeCheck = 1520;
				TargetAttributes = {
					55EB43AC2B865B15002D8798 = {
						CreatedOnToolsVersion = 15.2;
					};
				};
			};
			buildConfigurationList = 55EB43A82B865B15002D8798 /* Build configuration list for PBXProject "Examples" */;
			compatibilityVersion = "Xcode 14.0";
			developmentRegion = en;
			hasScannedForEncodings = 0;
			knownRegions = (
				en,
				Base,
			);
			mainGroup = 55EB43A42B865B15002D8798;
			packageReferences = (
				55EB43BF2B865B37002D8798 /* XCLocalSwiftPackageReference ".." */,
			);
			productRefGroup = 55EB43AE2B865B15002D8798 /* Products */;
			projectDirPath = "";
			projectRoot = "";
			targets = (
				55EB43AC2B865B15002D8798 /* Examples */,
			);
		};
/* End PBXProject section */

/* Begin PBXResourcesBuildPhase section */
		55EB43AB2B865B15002D8798 /* Resources */ = {
			isa = PBXResourcesBuildPhase;
			buildActionMask = 2147483647;
			files = (
				55EB43B82B865B18002D8798 /* Preview Assets.xcassets in Resources */,
				55EB43B52B865B18002D8798 /* Assets.xcassets in Resources */,
			);
			runOnlyForDeploymentPostprocessing = 0;
		};
/* End PBXResourcesBuildPhase section */

/* Begin PBXSourcesBuildPhase section */
		55EB43A92B865B15002D8798 /* Sources */ = {
			isa = PBXSourcesBuildPhase;
			buildActionMask = 2147483647;
			files = (
				556BFE312BBCF5F10024FF2A /* MonthPicker.swift in Sources */,
				AE92B7562BB8EF3600A5F9A6 /* CalcDifferencesView.swift in Sources */,
				556BFE2F2BBCEF0A0024FF2A /* DayPicker.swift in Sources */,
				55EB43B32B865B15002D8798 /* ContentView.swift in Sources */,
				55EB43C52B867256002D8798 /* ClocksView.swift in Sources */,
				AE92B7572BB8EF3600A5F9A6 /* CalculatorView.swift in Sources */,
				55EB43B12B865B15002D8798 /* ExamplesApp.swift in Sources */,
				AE92B7542BB8EF3600A5F9A6 /* CalcCalendarView.swift in Sources */,
				556BFE332BBEECA20024FF2A /* TimePicker.swift in Sources */,
				55EB43C32B865B5D002D8798 /* CalendarView.swift in Sources */,
			);
			runOnlyForDeploymentPostprocessing = 0;
		};
/* End PBXSourcesBuildPhase section */

/* Begin XCBuildConfiguration section */
		55EB43BA2B865B18002D8798 /* Debug */ = {
			isa = XCBuildConfiguration;
			buildSettings = {
				ALWAYS_SEARCH_USER_PATHS = NO;
				ASSETCATALOG_COMPILER_GENERATE_SWIFT_ASSET_SYMBOL_EXTENSIONS = YES;
				CLANG_ANALYZER_NONNULL = YES;
				CLANG_ANALYZER_NUMBER_OBJECT_CONVERSION = YES_AGGRESSIVE;
				CLANG_CXX_LANGUAGE_STANDARD = "gnu++20";
				CLANG_ENABLE_MODULES = YES;
				CLANG_ENABLE_OBJC_ARC = YES;
				CLANG_ENABLE_OBJC_WEAK = YES;
				CLANG_WARN_BLOCK_CAPTURE_AUTORELEASING = YES;
				CLANG_WARN_BOOL_CONVERSION = YES;
				CLANG_WARN_COMMA = YES;
				CLANG_WARN_CONSTANT_CONVERSION = YES;
				CLANG_WARN_DEPRECATED_OBJC_IMPLEMENTATIONS = YES;
				CLANG_WARN_DIRECT_OBJC_ISA_USAGE = YES_ERROR;
				CLANG_WARN_DOCUMENTATION_COMMENTS = YES;
				CLANG_WARN_EMPTY_BODY = YES;
				CLANG_WARN_ENUM_CONVERSION = YES;
				CLANG_WARN_INFINITE_RECURSION = YES;
				CLANG_WARN_INT_CONVERSION = YES;
				CLANG_WARN_NON_LITERAL_NULL_CONVERSION = YES;
				CLANG_WARN_OBJC_IMPLICIT_RETAIN_SELF = YES;
				CLANG_WARN_OBJC_LITERAL_CONVERSION = YES;
				CLANG_WARN_OBJC_ROOT_CLASS = YES_ERROR;
				CLANG_WARN_QUOTED_INCLUDE_IN_FRAMEWORK_HEADER = YES;
				CLANG_WARN_RANGE_LOOP_ANALYSIS = YES;
				CLANG_WARN_STRICT_PROTOTYPES = YES;
				CLANG_WARN_SUSPICIOUS_MOVE = YES;
				CLANG_WARN_UNGUARDED_AVAILABILITY = YES_AGGRESSIVE;
				CLANG_WARN_UNREACHABLE_CODE = YES;
				CLANG_WARN__DUPLICATE_METHOD_MATCH = YES;
				CODE_SIGN_IDENTITY = "-";
				COPY_PHASE_STRIP = NO;
				DEBUG_INFORMATION_FORMAT = dwarf;
				ENABLE_STRICT_OBJC_MSGSEND = YES;
				ENABLE_TESTABILITY = YES;
				ENABLE_USER_SCRIPT_SANDBOXING = YES;
				GCC_C_LANGUAGE_STANDARD = gnu17;
				GCC_DYNAMIC_NO_PIC = NO;
				GCC_NO_COMMON_BLOCKS = YES;
				GCC_OPTIMIZATION_LEVEL = 0;
				GCC_PREPROCESSOR_DEFINITIONS = (
					"DEBUG=1",
					"$(inherited)",
				);
				GCC_WARN_64_TO_32_BIT_CONVERSION = YES;
				GCC_WARN_ABOUT_RETURN_TYPE = YES_ERROR;
				GCC_WARN_UNDECLARED_SELECTOR = YES;
				GCC_WARN_UNINITIALIZED_AUTOS = YES_AGGRESSIVE;
				GCC_WARN_UNUSED_FUNCTION = YES;
				GCC_WARN_UNUSED_VARIABLE = YES;
				LOCALIZATION_PREFERS_STRING_CATALOGS = YES;
				MACOSX_DEPLOYMENT_TARGET = 13.0;
				MTL_ENABLE_DEBUG_INFO = INCLUDE_SOURCE;
				MTL_FAST_MATH = YES;
				ONLY_ACTIVE_ARCH = YES;
				SDKROOT = macosx;
				SWIFT_ACTIVE_COMPILATION_CONDITIONS = "DEBUG $(inherited)";
				SWIFT_OPTIMIZATION_LEVEL = "-Onone";
			};
			name = Debug;
		};
		55EB43BB2B865B18002D8798 /* Release */ = {
			isa = XCBuildConfiguration;
			buildSettings = {
				ALWAYS_SEARCH_USER_PATHS = NO;
				ASSETCATALOG_COMPILER_GENERATE_SWIFT_ASSET_SYMBOL_EXTENSIONS = YES;
				CLANG_ANALYZER_NONNULL = YES;
				CLANG_ANALYZER_NUMBER_OBJECT_CONVERSION = YES_AGGRESSIVE;
				CLANG_CXX_LANGUAGE_STANDARD = "gnu++20";
				CLANG_ENABLE_MODULES = YES;
				CLANG_ENABLE_OBJC_ARC = YES;
				CLANG_ENABLE_OBJC_WEAK = YES;
				CLANG_WARN_BLOCK_CAPTURE_AUTORELEASING = YES;
				CLANG_WARN_BOOL_CONVERSION = YES;
				CLANG_WARN_COMMA = YES;
				CLANG_WARN_CONSTANT_CONVERSION = YES;
				CLANG_WARN_DEPRECATED_OBJC_IMPLEMENTATIONS = YES;
				CLANG_WARN_DIRECT_OBJC_ISA_USAGE = YES_ERROR;
				CLANG_WARN_DOCUMENTATION_COMMENTS = YES;
				CLANG_WARN_EMPTY_BODY = YES;
				CLANG_WARN_ENUM_CONVERSION = YES;
				CLANG_WARN_INFINITE_RECURSION = YES;
				CLANG_WARN_INT_CONVERSION = YES;
				CLANG_WARN_NON_LITERAL_NULL_CONVERSION = YES;
				CLANG_WARN_OBJC_IMPLICIT_RETAIN_SELF = YES;
				CLANG_WARN_OBJC_LITERAL_CONVERSION = YES;
				CLANG_WARN_OBJC_ROOT_CLASS = YES_ERROR;
				CLANG_WARN_QUOTED_INCLUDE_IN_FRAMEWORK_HEADER = YES;
				CLANG_WARN_RANGE_LOOP_ANALYSIS = YES;
				CLANG_WARN_STRICT_PROTOTYPES = YES;
				CLANG_WARN_SUSPICIOUS_MOVE = YES;
				CLANG_WARN_UNGUARDED_AVAILABILITY = YES_AGGRESSIVE;
				CLANG_WARN_UNREACHABLE_CODE = YES;
				CLANG_WARN__DUPLICATE_METHOD_MATCH = YES;
				CODE_SIGN_IDENTITY = "-";
				COPY_PHASE_STRIP = NO;
				DEBUG_INFORMATION_FORMAT = "dwarf-with-dsym";
				ENABLE_NS_ASSERTIONS = NO;
				ENABLE_STRICT_OBJC_MSGSEND = YES;
				ENABLE_USER_SCRIPT_SANDBOXING = YES;
				GCC_C_LANGUAGE_STANDARD = gnu17;
				GCC_NO_COMMON_BLOCKS = YES;
				GCC_WARN_64_TO_32_BIT_CONVERSION = YES;
				GCC_WARN_ABOUT_RETURN_TYPE = YES_ERROR;
				GCC_WARN_UNDECLARED_SELECTOR = YES;
				GCC_WARN_UNINITIALIZED_AUTOS = YES_AGGRESSIVE;
				GCC_WARN_UNUSED_FUNCTION = YES;
				GCC_WARN_UNUSED_VARIABLE = YES;
				LOCALIZATION_PREFERS_STRING_CATALOGS = YES;
				MACOSX_DEPLOYMENT_TARGET = 13.0;
				MTL_ENABLE_DEBUG_INFO = NO;
				MTL_FAST_MATH = YES;
				SDKROOT = macosx;
				SWIFT_COMPILATION_MODE = wholemodule;
			};
			name = Release;
		};
		55EB43BD2B865B18002D8798 /* Debug */ = {
			isa = XCBuildConfiguration;
			buildSettings = {
				ASSETCATALOG_COMPILER_APPICON_NAME = AppIcon;
				ASSETCATALOG_COMPILER_GLOBAL_ACCENT_COLOR_NAME = AccentColor;
				CODE_SIGN_ENTITLEMENTS = Examples/Examples.entitlements;
				CODE_SIGN_STYLE = Automatic;
				COMBINE_HIDPI_IMAGES = YES;
				CURRENT_PROJECT_VERSION = 1;
				DEVELOPMENT_ASSET_PATHS = "\"Examples/Preview Content\"";
				ENABLE_PREVIEWS = YES;
				GENERATE_INFOPLIST_FILE = YES;
				INFOPLIST_KEY_NSHumanReadableCopyright = "";
				LD_RUNPATH_SEARCH_PATHS = (
					"$(inherited)",
					"@executable_path/../Frameworks",
				);
				MACOSX_DEPLOYMENT_TARGET = 13.0;
				MARKETING_VERSION = 1.0;
				PRODUCT_BUNDLE_IDENTIFIER = com.davedelong.time.Examples;
				PRODUCT_NAME = "$(TARGET_NAME)";
				SWIFT_EMIT_LOC_STRINGS = YES;
				SWIFT_VERSION = 5.0;
			};
			name = Debug;
		};
		55EB43BE2B865B18002D8798 /* Release */ = {
			isa = XCBuildConfiguration;
			buildSettings = {
				ASSETCATALOG_COMPILER_APPICON_NAME = AppIcon;
				ASSETCATALOG_COMPILER_GLOBAL_ACCENT_COLOR_NAME = AccentColor;
				CODE_SIGN_ENTITLEMENTS = Examples/Examples.entitlements;
				CODE_SIGN_STYLE = Automatic;
				COMBINE_HIDPI_IMAGES = YES;
				CURRENT_PROJECT_VERSION = 1;
				DEVELOPMENT_ASSET_PATHS = "\"Examples/Preview Content\"";
				ENABLE_PREVIEWS = YES;
				GENERATE_INFOPLIST_FILE = YES;
				INFOPLIST_KEY_NSHumanReadableCopyright = "";
				LD_RUNPATH_SEARCH_PATHS = (
					"$(inherited)",
					"@executable_path/../Frameworks",
				);
				MACOSX_DEPLOYMENT_TARGET = 13.0;
				MARKETING_VERSION = 1.0;
				PRODUCT_BUNDLE_IDENTIFIER = com.davedelong.time.Examples;
				PRODUCT_NAME = "$(TARGET_NAME)";
				SWIFT_EMIT_LOC_STRINGS = YES;
				SWIFT_VERSION = 5.0;
			};
			name = Release;
		};
/* End XCBuildConfiguration section */

/* Begin XCConfigurationList section */
		55EB43A82B865B15002D8798 /* Build configuration list for PBXProject "Examples" */ = {
			isa = XCConfigurationList;
			buildConfigurations = (
				55EB43BA2B865B18002D8798 /* Debug */,
				55EB43BB2B865B18002D8798 /* Release */,
			);
			defaultConfigurationIsVisible = 0;
			defaultConfigurationName = Release;
		};
		55EB43BC2B865B18002D8798 /* Build configuration list for PBXNativeTarget "Examples" */ = {
			isa = XCConfigurationList;
			buildConfigurations = (
				55EB43BD2B865B18002D8798 /* Debug */,
				55EB43BE2B865B18002D8798 /* Release */,
			);
			defaultConfigurationIsVisible = 0;
			defaultConfigurationName = Release;
		};
/* End XCConfigurationList section */

/* Begin XCLocalSwiftPackageReference section */
		55EB43BF2B865B37002D8798 /* XCLocalSwiftPackageReference ".." */ = {
			isa = XCLocalSwiftPackageReference;
			relativePath = ..;
		};
/* End XCLocalSwiftPackageReference section */

/* Begin XCSwiftPackageProductDependency section */
		55EB43C02B865B37002D8798 /* Time */ = {
			isa = XCSwiftPackageProductDependency;
			productName = Time;
		};
/* End XCSwiftPackageProductDependency section */
	};
	rootObject = 55EB43A52B865B15002D8798 /* Project object */;
}
